{
  "version": 4,
  "terraform_version": "1.10.4",
  "serial": 201,
  "lineage": "9769cd05-c0c3-94b2-451c-00e5c7d81948",
  "outputs": {
    "fastapi_service_url": {
      "value": "http://localhost:30001",
      "type": "string"
    }
  },
  "resources": [
    {
      "mode": "managed",
      "type": "docker_image",
      "name": "fastapi_image",
      "provider": "provider[\"registry.terraform.io/kreuzwerker/docker\"]",
      "instances": [
        {
          "schema_version": 0,
          "attributes": {
            "build": [
              {
                "auth_config": [],
                "build_arg": null,
                "build_args": null,
                "build_id": "",
                "cache_from": [],
                "cgroup_parent": "",
                "context": "./",
                "cpu_period": null,
                "cpu_quota": null,
                "cpu_set_cpus": "",
                "cpu_set_mems": "",
                "cpu_shares": null,
                "dockerfile": "Dockerfile",
                "extra_hosts": [],
                "force_remove": null,
                "isolation": "",
                "label": null,
                "labels": null,
                "memory": null,
                "memory_swap": null,
                "network_mode": "",
                "no_cache": null,
                "platform": "",
                "pull_parent": null,
                "remote_context": "",
                "remove": true,
                "security_opt": [],
                "session_id": "",
                "shm_size": null,
                "squash": null,
                "suppress_output": null,
                "tag": [],
                "target": "",
                "ulimit": [],
                "version": ""
              }
            ],
            "force_remove": null,
            "id": "sha256:e6cf71d863607055a35d37ca17babf3113548cc65bf59ae9e349c28dc4d84a84fastapi_test-web:latest",
            "image_id": "sha256:e6cf71d863607055a35d37ca17babf3113548cc65bf59ae9e349c28dc4d84a84",
            "keep_locally": null,
            "name": "fastapi_test-web:latest",
            "platform": null,
            "pull_triggers": null,
            "repo_digest": "",
            "triggers": null
          },
          "sensitive_attributes": [],
          "private": "bnVsbA=="
        }
      ]
    },
    {
      "mode": "managed",
      "type": "helm_release",
      "name": "fastapi",
      "provider": "provider[\"registry.terraform.io/hashicorp/helm\"]",
      "instances": [
        {
          "schema_version": 0,
          "attributes": {
            "atomic": false,
            "chart": "./helm",
            "cleanup_on_fail": false,
            "create_namespace": true,
            "dependency_update": false,
            "description": null,
            "devel": null,
            "disable_crd_hooks": false,
            "disable_openapi_validation": false,
            "disable_webhooks": false,
            "force_update": false,
            "id": "fastapi-test",
            "keyring": null,
            "lint": false,
            "manifest": null,
            "max_history": 0,
            "metadata": [
              {
                "app_version": "1.0",
                "chart": "fastapi-test",
                "name": "fastapi-test",
                "namespace": "fastapi",
                "revision": 1,
                "values": "{\"database\":{\"host\":\"db\",\"image\":\"postgres:15-alpine\",\"name\":\"fastapitest\",\"password\":\"6526\",\"port\":\"5432\",\"user\":\"postgres\"},\"image\":{\"pullPolicy\":\"Never\",\"repository\":\"fastapi_test-web\",\"tag\":\"latest\"},\"service\":{\"nodePort\":30001,\"port\":8000,\"type\":\"NodePort\"}}",
                "version": "0.1.0"
              }
            ],
            "name": "fastapi-test",
            "namespace": "fastapi",
            "pass_credentials": false,
            "postrender": [],
            "recreate_pods": false,
            "render_subchart_notes": true,
            "replace": false,
            "repository": null,
            "repository_ca_file": null,
            "repository_cert_file": null,
            "repository_key_file": null,
            "repository_password": null,
            "repository_username": null,
            "reset_values": false,
            "reuse_values": false,
            "set": [],
            "set_sensitive": [],
            "skip_crds": false,
            "status": "deployed",
            "timeout": 300,
            "values": [
              "database:\r\n  host: \"db\"\r\n  port: \"5432\"\r\n  name: \"fastapitest\"\r\n  user: \"postgres\"\r\n  password: \"6526\"\r\n  image: \"postgres:15-alpine\"\r\n\r\nimage:\r\n  repository: fastapi_test-web\r\n  tag: latest\r\n  pullPolicy: Never\r\n\r\nservice:\r\n  type: NodePort\r\n  port: 8000\r\n  nodePort: 30001\r\n",
              "{\"database\":{\"host\":\"db\",\"image\":\"postgres:15-alpine\",\"name\":\"fastapitest\",\"password\":\"6526\",\"port\":\"5432\",\"user\":\"postgres\"},\"image\":{\"pullPolicy\":\"Never\",\"repository\":\"fastapi_test-web\",\"tag\":\"latest\"}}"
            ],
            "verify": false,
            "version": "0.1.0",
            "wait": true,
            "wait_for_jobs": false
          },
          "sensitive_attributes": [
            [
              {
                "type": "get_attr",
                "value": "repository_password"
              }
            ]
          ],
          "private": "bnVsbA==",
          "dependencies": [
            "docker_image.fastapi_image",
            "null_resource.create_kind_cluster",
            "null_resource.load_docker_image"
          ]
        }
      ]
    },
    {
      "mode": "managed",
      "type": "null_resource",
      "name": "create_kind_cluster",
      "provider": "provider[\"registry.terraform.io/hashicorp/null\"]",
      "instances": [
        {
          "schema_version": 0,
          "attributes": {
            "id": "1311659874054014940",
            "triggers": null
          },
          "sensitive_attributes": []
        }
      ]
    },
    {
      "mode": "managed",
      "type": "null_resource",
      "name": "load_docker_image",
      "provider": "provider[\"registry.terraform.io/hashicorp/null\"]",
      "instances": [
        {
          "schema_version": 0,
          "attributes": {
            "id": "5242934077112886941",
            "triggers": null
          },
          "sensitive_attributes": [],
          "dependencies": [
            "docker_image.fastapi_image",
            "null_resource.create_kind_cluster"
          ]
        }
      ]
    }
  ],
  "check_results": null
}
